PODS:
  - Bolts (1.8.4):
    - Bolts/AppLinks (= 1.8.4)
    - Bolts/Tasks (= 1.8.4)
  - Bolts/AppLinks (1.8.4):
    - Bolts/Tasks
  - Bolts/Tasks (1.8.4)
  - Fabric (1.6.12)
  - Facebook-iOS-SDK (3.24.4):
    - Bolts (~> 1.2)
  - FBSDKCoreKit (4.25.0):
    - Bolts (~> 1.7)
  - FBSDKLoginKit (4.25.0):
    - FBSDKCoreKit
  - FBSDKShareKit (4.25.0):
    - FBSDKCoreKit
  - Parse (1.15.1):
    - Bolts/Tasks (~> 1.8)
  - ParseFacebookUtilsV4 (1.11.1):
    - Bolts/Tasks (>= 1.6)
    - FBSDKCoreKit (~> 4.10)
    - FBSDKLoginKit (~> 4.10)
    - FBSDKTVOSKit (~> 4.10)
    - Parse (~> 1.12)
  - React/BatchedBridge (0.45.1):
    - React/Core
    - React/cxxreact_legacy
  - React/Core (0.45.1):
    - Yoga (= 0.45.1.React)
  - React/cxxreact_legacy (0.45.1):
    - React/jschelpers_legacy
  - React/jschelpers_legacy (0.45.1)
  - React/RCTActionSheet (0.45.1):
    - React/Core
  - React/RCTAnimation (0.45.1):
    - React/Core
  - React/RCTGeolocation (0.45.1):
    - React/Core
  - React/RCTImage (0.45.1):
    - React/Core
    - React/RCTNetwork
  - React/RCTLinkingIOS (0.45.1):
    - React/Core
  - React/RCTNetwork (0.45.1):
    - React/Core
  - React/RCTSettings (0.45.1):
    - React/Core
  - React/RCTText (0.45.1):
    - React/Core
  - React/RCTVibration (0.45.1):
    - React/Core
  - React/RCTWebSocket (0.45.1):
    - React/Core
  - TwitterCore (2.8.0):
    - Fabric
  - TwitterKit (2.8.1):
    - TwitterCore (>= 2.8)
  - Yoga (0.45.1.React)

DEPENDENCIES:
  - Fabric (~> 1.6.11)
  - Facebook-iOS-SDK
  - FBSDKCoreKit
  - FBSDKLoginKit
  - FBSDKShareKit
  - ParseFacebookUtilsV4
  - React/BatchedBridge (from `../node_modules/react-native`)
  - React/Core (from `../node_modules/react-native`)
  - React/RCTActionSheet (from `../node_modules/react-native`)
  - React/RCTAnimation (from `../node_modules/react-native`)
  - React/RCTGeolocation (from `../node_modules/react-native`)
  - React/RCTImage (from `../node_modules/react-native`)
  - React/RCTLinkingIOS (from `../node_modules/react-native`)
  - React/RCTNetwork (from `../node_modules/react-native`)
  - React/RCTSettings (from `../node_modules/react-native`)
  - React/RCTText (from `../node_modules/react-native`)
  - React/RCTVibration (from `../node_modules/react-native`)
  - React/RCTWebSocket (from `../node_modules/react-native`)
  - TwitterCore (~> 2.8.0)
  - TwitterKit (~> 2.8.1)
  - Yoga (from `../node_modules/react-native/ReactCommon/yoga/Yoga.podspec`)

EXTERNAL SOURCES:
  React:
    :path: "../node_modules/react-native"
  Yoga:
    :path: "../node_modules/react-native/ReactCommon/yoga/Yoga.podspec"

SPEC CHECKSUMS:
  Bolts: 8a7995239dbe724f9cba2248b766d48b7ebdd322
  Fabric: f050464eac45a2ce5a8e6e6a07e977c0df32fe28
  Facebook-iOS-SDK: 5a7c414a084708220b72d5fd016f2cf3eb6deda4
  FBSDKCoreKit: 53e3f4bfb64e80c5f229dd30ae33ff57fbbbd2d1
  FBSDKLoginKit: f628c09684dae9c17f071cf90b014e886f5093ea
  FBSDKShareKit: aea699d3cac749af08e360f4e949b82ffa8813f5
  Parse: b7a77b20b8a6dede8058da1e2b339593578ce158
  ParseFacebookUtilsV4: 2f30c2b7021c8005d3042781da7ef87d06589421
  React: 0c9191a8b0c843d7004f950ac6b5f6cba9d125c7
  TwitterCore: e959987be23c767004d29eb7fab8d85d8585a2e5
  TwitterKit: 3b6044a7320340326a4098f3e37aa1dbaeb94942
  Yoga: 89c8738d42a0b46a113acb4e574336d61cba2985

PODFILE CHECKSUM: d915b40e8caec27aa9c2013d31d73db7bea86642

COCOAPODS: 1.2.1
